
Microsoft Visual Studio Solution File, Format Version 12.00
# Visual Studio 2013
VisualStudioVersion = 12.0.30723.0
MinimumVisualStudioVersion = 10.0.40219.1
Project("{FAE04EC0-301F-11D3-BF4B-00C04F79EFBC}") = "CRH.TestApp", "CRH.TestApp\CRH.TestApp.csproj", "{6D3303A1-887F-46C6-B3E2-781DE5315380}"
EndProject
Project("{FAE04EC0-301F-11D3-BF4B-00C04F79EFBC}") = "CRH.Framework", "CRH.Framework\CRH.Framework.csproj", "{297221D9-C980-4679-A437-02FE5C130DC6}"
EndProject
Global
	GlobalSection(SolutionConfigurationPlatforms) = preSolution
		Debug|Any CPU = Debug|Any CPU
		Release|Any CPU = Release|Any CPU
	EndGlobalSection
	GlobalSection(ProjectConfigurationPlatforms) = postSolution
		{6D3303A1-887F-46C6-B3E2-781DE5315380}.Debug|Any CPU.ActiveCfg = Debug|Any CPU
		{6D3303A1-887F-46C6-B3E2-781DE5315380}.Debug|Any CPU.Build.0 = Debug|Any CPU
		{6D3303A1-887F-46C6-B3E2-781DE5315380}.Release|Any CPU.ActiveCfg = Release|Any CPU
		{6D3303A1-887F-46C6-B3E2-781DE5315380}.Release|Any CPU.Build.0 = Release|Any CPU
		{297221D9-C980-4679-A437-02FE5C130DC6}.Debug|Any CPU.ActiveCfg = Debug|Any CPU
		{297221D9-C980-4679-A437-02FE5C130DC6}.Debug|Any CPU.Build.0 = Debug|Any CPU
		{297221D9-C980-4679-A437-02FE5C130DC6}.Release|Any CPU.ActiveCfg = Release|Any CPU
		{297221D9-C980-4679-A437-02FE5C130DC6}.Release|Any CPU.Build.0 = Release|Any CPU
	EndGlobalSection
	GlobalSection(SolutionProperties) = preSolution
		HideSolutionNode = FALSE
	EndGlobalSection
EndGlobal
